{
  "originHash" : "7801a2692aeea4e72aeda9efacba7068bd7062681713b19760ad637638eaddc4",
  "pins" : [
    {
      "identity" : "ansiterminalmodified",
      "kind" : "remoteSourceControl",
      "location" : "https://github.com/nikolainobadi/ANSITerminalModified",
      "state" : {
        "revision" : "fd1443a5369693ddac5c8ef8dc6128af4011ff42",
        "version" : "0.6.0"
      }
    },
    {
      "identity" : "nnconfigkit",
      "kind" : "remoteSourceControl",
      "location" : "https://github.com/nikolainobadi/NnConfigKit.git",
      "state" : {
        "branch" : "nnshellkit",
        "revision" : "22ecdf26012e6898f318c29f3bce4a5773d90c8a"
      }
    },
    {
      "identity" : "nngitkit",
      "kind" : "remoteSourceControl",
      "location" : "https://github.com/nikolainobadi/NnGitKit.git",
      "state" : {
        "revision" : "8311eaa6da2b62672935ec386d67f32d8bf9d1a6",
        "version" : "0.6.1"
      }
    },
    {
      "identity" : "nnshellkit",
      "kind" : "remoteSourceControl",
      "location" : "https://github.com/nikolainobadi/NnShellKit.git",
      "state" : {
        "revision" : "8348d74b829a5815dc9890413606c98951e6d759",
        "version" : "1.0.0"
      }
    },
    {
      "identity" : "swift-argument-parser",
      "kind" : "remoteSourceControl",
      "location" : "https://github.com/apple/swift-argument-parser.git",
      "state" : {
        "revision" : "309a47b2b1d9b5e991f36961c983ecec72275be3",
        "version" : "1.6.1"
      }
    },
    {
      "identity" : "swiftpicker",
      "kind" : "remoteSourceControl",
      "location" : "https://github.com/nikolainobadi/SwiftPicker.git",
      "state" : {
        "revision" : "4071f15d77b87c32a33b7ae7ac5dc789a59169c3",
        "version" : "1.0.0"
      }
    }
  ],
  "version" : 3
}
