{
  "originHash" : "cade41aba055abc0733f6ae83c8b74a4c8fb3d16a9965b923bcfdea4cfd5b4e9",
  "pins" : [
    {
      "identity" : "ansiterminalmodified",
      "kind" : "remoteSourceControl",
      "location" : "https://github.com/nikolainobadi/ANSITerminalModified",
      "state" : {
        "revision" : "fd1443a5369693ddac5c8ef8dc6128af4011ff42",
        "version" : "0.6.0"
      }
    },
    {
      "identity" : "files",
      "kind" : "remoteSourceControl",
      "location" : "https://github.com/JohnSundell/Files.git",
      "state" : {
        "revision" : "e85f2b4a8dfa0f242889f45236f3867d16e40480",
        "version" : "4.3.0"
      }
    },
    {
      "identity" : "nnconfigkit",
      "kind" : "remoteSourceControl",
      "location" : "https://github.com/nikolainobadi/NnConfigKit.git",
      "state" : {
        "revision" : "d7f1a0291b81bcd91fbbdbb6a5a8e13a822f4a10",
        "version" : "1.0.0"
      }
    },
    {
      "identity" : "nngitkit",
      "kind" : "remoteSourceControl",
      "location" : "https://github.com/nikolainobadi/NnGitKit.git",
      "state" : {
        "revision" : "fa432ab797d88d78a41542e5e9d7590da8349463",
        "version" : "0.5.0"
      }
    },
    {
      "identity" : "swift-argument-parser",
      "kind" : "remoteSourceControl",
      "location" : "https://github.com/apple/swift-argument-parser.git",
      "state" : {
        "revision" : "011f0c765fb46d9cac61bca19be0527e99c98c8b",
        "version" : "1.5.1"
      }
    },
    {
      "identity" : "swiftpicker",
      "kind" : "remoteSourceControl",
      "location" : "https://github.com/nikolainobadi/SwiftPicker.git",
      "state" : {
        "branch" : "picker-protocol",
        "revision" : "05002d39eb6e49313a254a5e5136b73e14ea57c6"
      }
    },
    {
      "identity" : "swiftshell",
      "kind" : "remoteSourceControl",
      "location" : "https://github.com/kareman/SwiftShell",
      "state" : {
        "revision" : "99680b2efc7c7dbcace1da0b3979d266f02e213c",
        "version" : "5.1.0"
      }
    }
  ],
  "version" : 3
}
